{
  "originHash" : "4420bd0f75d7c7c40d9643701d455c07678b329ee6138b3a863ba7d7342be0fd",
  "pins" : [
    {
      "identity" : "grdb.swift",
      "kind" : "remoteSourceControl",
      "location" : "https://github.com/groue/GRDB.swift.git",
      "state" : {
        "revision" : "b83108d10f42680d78f23fe4d4d80fc88dab3212",
        "version" : "7.11.1"
      }
    },
    {
      "identity" : "loro-swift",
      "kind" : "remoteSourceControl",
      "location" : "https://github.com/loro-dev/loro-swift",
      "state" : {
        "revision" : "625f3e696fca4be3ae77de8b3404fa6753554f21",
        "version" : "1.13.3"
      }
    },
    {
      "identity" : "yyjson",
      "kind" : "remoteSourceControl",
      "location" : "https://github.com/ibireme/yyjson.git",
      "state" : {
        "revision" : "8b4a38dc994a110abaec8a400615567bd996105f",
        "version" : "0.12.0"
      }
    }
  ],
  "version" : 3
}
